
Microsoft Visual Studio Solution File, Format Version 12.00
# Visual Studio Version 17
VisualStudioVersion = 17.3.32929.385
MinimumVisualStudioVersion = 10.0.40219.1
Project("{8BC9CEB8-8B4A-11D0-8D11-00A0C91BC942}") = "Lab5.04", "Lab5.04\Lab5.04.vcxproj", "{2043F556-A285-46B0-919E-E536A4FA78B5}"
EndProject
Project("{8BC9CEB8-8B4A-11D0-8D11-00A0C91BC942}") = "lab5.4 test", "lab5.4 test\lab5.4 test.vcxproj", "{8AA8ACEE-4564-4168-8272-0E4CF41D58D9}"
EndProject
Global
	GlobalSection(SolutionConfigurationPlatforms) = preSolution
		Debug|x64 = Debug|x64
		Debug|x86 = Debug|x86
		Release|x64 = Release|x64
		Release|x86 = Release|x86
	EndGlobalSection
	GlobalSection(ProjectConfigurationPlatforms) = postSolution
		{2043F556-A285-46B0-919E-E536A4FA78B5}.Debug|x64.ActiveCfg = Debug|x64
		{2043F556-A285-46B0-919E-E536A4FA78B5}.Debug|x64.Build.0 = Debug|x64
		{2043F556-A285-46B0-919E-E536A4FA78B5}.Debug|x86.ActiveCfg = Debug|Win32
		{2043F556-A285-46B0-919E-E536A4FA78B5}.Debug|x86.Build.0 = Debug|Win32
		{2043F556-A285-46B0-919E-E536A4FA78B5}.Release|x64.ActiveCfg = Release|x64
		{2043F556-A285-46B0-919E-E536A4FA78B5}.Release|x64.Build.0 = Release|x64
		{2043F556-A285-46B0-919E-E536A4FA78B5}.Release|x86.ActiveCfg = Release|Win32
		{2043F556-A285-46B0-919E-E536A4FA78B5}.Release|x86.Build.0 = Release|Win32
		{8AA8ACEE-4564-4168-8272-0E4CF41D58D9}.Debug|x64.ActiveCfg = Debug|x64
		{8AA8ACEE-4564-4168-8272-0E4CF41D58D9}.Debug|x64.Build.0 = Debug|x64
		{8AA8ACEE-4564-4168-8272-0E4CF41D58D9}.Debug|x86.ActiveCfg = Debug|Win32
		{8AA8ACEE-4564-4168-8272-0E4CF41D58D9}.Debug|x86.Build.0 = Debug|Win32
		{8AA8ACEE-4564-4168-8272-0E4CF41D58D9}.Release|x64.ActiveCfg = Release|x64
		{8AA8ACEE-4564-4168-8272-0E4CF41D58D9}.Release|x64.Build.0 = Release|x64
		{8AA8ACEE-4564-4168-8272-0E4CF41D58D9}.Release|x86.ActiveCfg = Release|Win32
		{8AA8ACEE-4564-4168-8272-0E4CF41D58D9}.Release|x86.Build.0 = Release|Win32
	EndGlobalSection
	GlobalSection(SolutionProperties) = preSolution
		HideSolutionNode = FALSE
	EndGlobalSection
	GlobalSection(ExtensibilityGlobals) = postSolution
		SolutionGuid = {57B18FC1-2C98-49EE-82D2-456755E6C4A5}
	EndGlobalSection
EndGlobal
